// !$*UTF8*$!
{
	archiveVersion = 1;
	classes = {
	};
	objectVersion = 46;
	objects = {

/* Begin PBXBuildFile section */
		FF17D9E81EB5609C003E1412 /* Alamofire.framework in Frameworks */ = {isa = PBXBuildFile; fileRef = FF17D9E71EB5609C003E1412 /* Alamofire.framework */; };
		FF17D9E91EB5609C003E1412 /* Alamofire.framework in Embed Frameworks */ = {isa = PBXBuildFile; fileRef = FF17D9E71EB5609C003E1412 /* Alamofire.framework */; settings = {ATTRIBUTES = (CodeSignOnCopy, RemoveHeadersOnCopy, ); }; };
		FF17D9EB1EB560A7003E1412 /* Alamofire.framework.dSYM in CopyFiles */ = {isa = PBXBuildFile; fileRef = FF17D9EA1EB560A7003E1412 /* Alamofire.framework.dSYM */; };
		FF17DA071EB56CCC003E1412 /* google.assistant.embedded.v1alpha1.server.pb.swift in Sources */ = {isa = PBXBuildFile; fileRef = FF17DA051EB56CCC003E1412 /* google.assistant.embedded.v1alpha1.server.pb.swift */; };
		FF17DA081EB56CCC003E1412 /* google.assistant.embedded.v1alpha1.client.pb.swift in Sources */ = {isa = PBXBuildFile; fileRef = FF17DA061EB56CCC003E1412 /* google.assistant.embedded.v1alpha1.client.pb.swift */; };
		FF17DA0A1EB56CD4003E1412 /* embedded_assistant.pb.swift in Sources */ = {isa = PBXBuildFile; fileRef = FF17DA091EB56CD4003E1412 /* embedded_assistant.pb.swift */; };
		FF17DA0C1EB56CDB003E1412 /* status.pb.swift in Sources */ = {isa = PBXBuildFile; fileRef = FF17DA0B1EB56CDB003E1412 /* status.pb.swift */; };
		FF2652021EC93DEE00ACDBB5 /* begin_prompt.mp3 in Resources */ = {isa = PBXBuildFile; fileRef = FF2652011EC93DEE00ACDBB5 /* begin_prompt.mp3 */; };
		FF41AB811EB40FB8003E994B /* Magnet.framework in Frameworks */ = {isa = PBXBuildFile; fileRef = FF41AB801EB40FB8003E994B /* Magnet.framework */; };
		FF41AB821EB40FB8003E994B /* Magnet.framework in Embed Frameworks */ = {isa = PBXBuildFile; fileRef = FF41AB801EB40FB8003E994B /* Magnet.framework */; settings = {ATTRIBUTES = (CodeSignOnCopy, RemoveHeadersOnCopy, ); }; };
		FF41AB841EB40FC6003E994B /* Magnet.framework.dSYM in CopyFiles */ = {isa = PBXBuildFile; fileRef = FF41AB831EB40FC6003E994B /* Magnet.framework.dSYM */; };
		FF41AB861EB416F4003E994B /* API.swift in Sources */ = {isa = PBXBuildFile; fileRef = FF41AB851EB416F4003E994B /* API.swift */; };
		FF4F5E321ED3AFDE002CE445 /* PreferencesWindowController.swift in Sources */ = {isa = PBXBuildFile; fileRef = FF4F5E311ED3AFDE002CE445 /* PreferencesWindowController.swift */; };
		FF4F5E341ED3B04E002CE445 /* PreferencesWindow.xib in Resources */ = {isa = PBXBuildFile; fileRef = FF4F5E331ED3B04E002CE445 /* PreferencesWindow.xib */; };
		FF64FDDB1EBB0DDC00368A78 /* SwiftProtobuf.framework in Frameworks */ = {isa = PBXBuildFile; fileRef = FF64FDDA1EBB0DDC00368A78 /* SwiftProtobuf.framework */; };
		FF64FDDC1EBB0DDC00368A78 /* SwiftProtobuf.framework in Embed Frameworks */ = {isa = PBXBuildFile; fileRef = FF64FDDA1EBB0DDC00368A78 /* SwiftProtobuf.framework */; settings = {ATTRIBUTES = (CodeSignOnCopy, RemoveHeadersOnCopy, ); }; };
		FF64FDDF1EBB0E0800368A78 /* SwiftyJSON.framework in Frameworks */ = {isa = PBXBuildFile; fileRef = FF64FDDE1EBB0E0800368A78 /* SwiftyJSON.framework */; };
		FF64FDE01EBB0E0800368A78 /* SwiftyJSON.framework in Embed Frameworks */ = {isa = PBXBuildFile; fileRef = FF64FDDE1EBB0E0800368A78 /* SwiftyJSON.framework */; settings = {ATTRIBUTES = (CodeSignOnCopy, RemoveHeadersOnCopy, ); }; };
		FF64FDE21EBB0E1600368A78 /* SwiftyJSON.framework.dSYM in CopyFiles */ = {isa = PBXBuildFile; fileRef = FF64FDE11EBB0E1600368A78 /* SwiftyJSON.framework.dSYM */; };
		FF6AA52F1EBA77F60009E342 /* Authenticator.swift in Sources */ = {isa = PBXBuildFile; fileRef = FF6AA52E1EBA77F60009E342 /* Authenticator.swift */; };
		FF6AA5351EBA8A980009E342 /* Constants.swift in Sources */ = {isa = PBXBuildFile; fileRef = FF6AA5341EBA8A980009E342 /* Constants.swift */; };
		FFA470B11EB2B63500A5F89A /* OAuthSwift.framework.dSYM in CopyFiles */ = {isa = PBXBuildFile; fileRef = FFA470AF1EB2B63500A5F89A /* OAuthSwift.framework.dSYM */; };
		FFA470B21EB2B63500A5F89A /* SwiftProtobuf.framework.dSYM in CopyFiles */ = {isa = PBXBuildFile; fileRef = FFA470B01EB2B63500A5F89A /* SwiftProtobuf.framework.dSYM */; };
		FFA470CD1EB2B9B900A5F89A /* AppDelegate.swift in Sources */ = {isa = PBXBuildFile; fileRef = FFE68A731EB2A81E00F60EF5 /* AppDelegate.swift */; };
		FFA470E61EB2BE1C00A5F89A /* BoringSSL.framework in Frameworks */ = {isa = PBXBuildFile; fileRef = FFA470E31EB2BE1C00A5F89A /* BoringSSL.framework */; };
		FFA470E71EB2BE1C00A5F89A /* BoringSSL.framework in Embed Frameworks */ = {isa = PBXBuildFile; fileRef = FFA470E31EB2BE1C00A5F89A /* BoringSSL.framework */; settings = {ATTRIBUTES = (CodeSignOnCopy, RemoveHeadersOnCopy, ); }; };
		FFA470E81EB2BE1C00A5F89A /* CgRPC.framework in Frameworks */ = {isa = PBXBuildFile; fileRef = FFA470E41EB2BE1C00A5F89A /* CgRPC.framework */; };
		FFA470E91EB2BE1C00A5F89A /* CgRPC.framework in Embed Frameworks */ = {isa = PBXBuildFile; fileRef = FFA470E41EB2BE1C00A5F89A /* CgRPC.framework */; settings = {ATTRIBUTES = (CodeSignOnCopy, RemoveHeadersOnCopy, ); }; };
		FFA470EA1EB2BE1C00A5F89A /* gRPC.framework in Frameworks */ = {isa = PBXBuildFile; fileRef = FFA470E51EB2BE1C00A5F89A /* gRPC.framework */; };
		FFA470EB1EB2BE1C00A5F89A /* gRPC.framework in Embed Frameworks */ = {isa = PBXBuildFile; fileRef = FFA470E51EB2BE1C00A5F89A /* gRPC.framework */; settings = {ATTRIBUTES = (CodeSignOnCopy, RemoveHeadersOnCopy, ); }; };
		FFA470FE1EB2C9D200A5F89A /* AssistantViewController.swift in Sources */ = {isa = PBXBuildFile; fileRef = FFA470FD1EB2C9D200A5F89A /* AssistantViewController.swift */; };
		FFA471001EB2C9EB00A5F89A /* AssistantView.xib in Resources */ = {isa = PBXBuildFile; fileRef = FFA470FF1EB2C9EB00A5F89A /* AssistantView.xib */; };
		FFA471021EB2C9F200A5F89A /* LoginView.xib in Resources */ = {isa = PBXBuildFile; fileRef = FFA471011EB2C9F200A5F89A /* LoginView.xib */; };
		FFA471051EB2CE4500A5F89A /* MainMenu.xib in Resources */ = {isa = PBXBuildFile; fileRef = FFA471031EB2CE4500A5F89A /* MainMenu.xib */; };
		FFA471071EB2D47300A5F89A /* SpeechWaveformView.swift in Sources */ = {isa = PBXBuildFile; fileRef = FFA471061EB2D47300A5F89A /* SpeechWaveformView.swift */; };
		FFA471091EB2DF8D00A5F89A /* AudioKit.framework in Frameworks */ = {isa = PBXBuildFile; fileRef = FFA471081EB2DF8D00A5F89A /* AudioKit.framework */; };
		FFA4710A1EB2DF8D00A5F89A /* AudioKit.framework in Embed Frameworks */ = {isa = PBXBuildFile; fileRef = FFA471081EB2DF8D00A5F89A /* AudioKit.framework */; settings = {ATTRIBUTES = (CodeSignOnCopy, RemoveHeadersOnCopy, ); }; };
		FFCED5F81EC4268B0049676B /* WaveformView.swift in Sources */ = {isa = PBXBuildFile; fileRef = FFCED5F71EC4268B0049676B /* WaveformView.swift */; };
		FFE68A761EB2A81E00F60EF5 /* LoginViewController.swift in Sources */ = {isa = PBXBuildFile; fileRef = FFE68A751EB2A81E00F60EF5 /* LoginViewController.swift */; };
		FFE68A781EB2A81E00F60EF5 /* Assets.xcassets in Resources */ = {isa = PBXBuildFile; fileRef = FFE68A771EB2A81E00F60EF5 /* Assets.xcassets */; };
		FFE9B12F1EC110FC0034E85B /* roots.pem in Resources */ = {isa = PBXBuildFile; fileRef = FFE9B12E1EC110FC0034E85B /* roots.pem */; };
		FFE9B1311EC187550034E85B /* ConversationTextDelegate.swift in Sources */ = {isa = PBXBuildFile; fileRef = FFE9B1301EC187550034E85B /* ConversationTextDelegate.swift */; };
		FFE9B1331EC189D60034E85B /* CustomPlot.swift in Sources */ = {isa = PBXBuildFile; fileRef = FFE9B1321EC189D60034E85B /* CustomPlot.swift */; };
		FFE9B1351EC195AB0034E85B /* google_oauth.json in Resources */ = {isa = PBXBuildFile; fileRef = FFE9B1341EC195AB0034E85B /* google_oauth.json */; };
		FFF3FABD1EBD545E005E87C9 /* ConversationEntry.swift in Sources */ = {isa = PBXBuildFile; fileRef = FFF3FABC1EBD545D005E87C9 /* ConversationEntry.swift */; };
		FFF3FAC11EBD5ADD005E87C9 /* LoadingView.xib in Resources */ = {isa = PBXBuildFile; fileRef = FFF3FAC01EBD5ADD005E87C9 /* LoadingView.xib */; };
/* End PBXBuildFile section */

/* Begin PBXCopyFilesBuildPhase section */
		FFA470AD1EB2B61E00A5F89A /* Embed Frameworks */ = {
			isa = PBXCopyFilesBuildPhase;
			buildActionMask = 2147483647;
			dstPath = "";
			dstSubfolderSpec = 10;
			files = (
				FFA4710A1EB2DF8D00A5F89A /* AudioKit.framework in Embed Frameworks */,
				FFA470E71EB2BE1C00A5F89A /* BoringSSL.framework in Embed Frameworks */,
				FFA470EB1EB2BE1C00A5F89A /* gRPC.framework in Embed Frameworks */,
				FF64FDE01EBB0E0800368A78 /* SwiftyJSON.framework in Embed Frameworks */,
				FF64FDDC1EBB0DDC00368A78 /* SwiftProtobuf.framework in Embed Frameworks */,
				FF41AB821EB40FB8003E994B /* Magnet.framework in Embed Frameworks */,
				FFA470E91EB2BE1C00A5F89A /* CgRPC.framework in Embed Frameworks */,
				FF17D9E91EB5609C003E1412 /* Alamofire.framework in Embed Frameworks */,
			);
			name = "Embed Frameworks";
			runOnlyForDeploymentPostprocessing = 0;
		};
		FFA470AE1EB2B62700A5F89A /* CopyFiles */ = {
			isa = PBXCopyFilesBuildPhase;
			buildActionMask = 2147483647;
			dstPath = "";
			dstSubfolderSpec = 16;
			files = (
				FFA470B11EB2B63500A5F89A /* OAuthSwift.framework.dSYM in CopyFiles */,
				FFA470B21EB2B63500A5F89A /* SwiftProtobuf.framework.dSYM in CopyFiles */,
				FF64FDE21EBB0E1600368A78 /* SwiftyJSON.framework.dSYM in CopyFiles */,
				FF41AB841EB40FC6003E994B /* Magnet.framework.dSYM in CopyFiles */,
				FF17D9EB1EB560A7003E1412 /* Alamofire.framework.dSYM in CopyFiles */,
			);
			runOnlyForDeploymentPostprocessing = 0;
		};
/* End PBXCopyFilesBuildPhase section */

/* Begin PBXFileReference section */
		FF17D9E71EB5609C003E1412 /* Alamofire.framework */ = {isa = PBXFileReference; lastKnownFileType = wrapper.framework; name = Alamofire.framework; path = Carthage/Build/Mac/Alamofire.framework; sourceTree = "<group>"; };
		FF17D9EA1EB560A7003E1412 /* Alamofire.framework.dSYM */ = {isa = PBXFileReference; lastKnownFileType = wrapper.dsym; name = Alamofire.framework.dSYM; path = Carthage/Build/Mac/Alamofire.framework.dSYM; sourceTree = "<group>"; };
		FF17DA051EB56CCC003E1412 /* google.assistant.embedded.v1alpha1.server.pb.swift */ = {isa = PBXFileReference; fileEncoding = 4; lastKnownFileType = sourcecode.swift; path = google.assistant.embedded.v1alpha1.server.pb.swift; sourceTree = "<group>"; };
		FF17DA061EB56CCC003E1412 /* google.assistant.embedded.v1alpha1.client.pb.swift */ = {isa = PBXFileReference; fileEncoding = 4; lastKnownFileType = sourcecode.swift; path = google.assistant.embedded.v1alpha1.client.pb.swift; sourceTree = "<group>"; };
		FF17DA091EB56CD4003E1412 /* embedded_assistant.pb.swift */ = {isa = PBXFileReference; fileEncoding = 4; lastKnownFileType = sourcecode.swift; path = embedded_assistant.pb.swift; sourceTree = "<group>"; };
		FF17DA0B1EB56CDB003E1412 /* status.pb.swift */ = {isa = PBXFileReference; fileEncoding = 4; lastKnownFileType = sourcecode.swift; path = status.pb.swift; sourceTree = "<group>"; };
		FF2652011EC93DEE00ACDBB5 /* begin_prompt.mp3 */ = {isa = PBXFileReference; lastKnownFileType = audio.mp3; path = begin_prompt.mp3; sourceTree = "<group>"; };
		FF41AB801EB40FB8003E994B /* Magnet.framework */ = {isa = PBXFileReference; lastKnownFileType = wrapper.framework; name = Magnet.framework; path = Carthage/Build/Mac/Magnet.framework; sourceTree = "<group>"; };
		FF41AB831EB40FC6003E994B /* Magnet.framework.dSYM */ = {isa = PBXFileReference; lastKnownFileType = wrapper.dsym; name = Magnet.framework.dSYM; path = Carthage/Build/Mac/Magnet.framework.dSYM; sourceTree = "<group>"; };
		FF41AB851EB416F4003E994B /* API.swift */ = {isa = PBXFileReference; fileEncoding = 4; lastKnownFileType = sourcecode.swift; path = API.swift; sourceTree = "<group>"; };
		FF4F5E311ED3AFDE002CE445 /* PreferencesWindowController.swift */ = {isa = PBXFileReference; fileEncoding = 4; lastKnownFileType = sourcecode.swift; path = PreferencesWindowController.swift; sourceTree = "<group>"; };
		FF4F5E331ED3B04E002CE445 /* PreferencesWindow.xib */ = {isa = PBXFileReference; fileEncoding = 4; lastKnownFileType = file.xib; path = PreferencesWindow.xib; sourceTree = "<group>"; };
		FF64FDDA1EBB0DDC00368A78 /* SwiftProtobuf.framework */ = {isa = PBXFileReference; lastKnownFileType = wrapper.framework; name = SwiftProtobuf.framework; path = Carthage/Build/Mac/SwiftProtobuf.framework; sourceTree = "<group>"; };
		FF64FDDD1EBB0DEB00368A78 /* SwiftProtobuf.framework.dSYM */ = {isa = PBXFileReference; lastKnownFileType = wrapper.dsym; name = SwiftProtobuf.framework.dSYM; path = Carthage/Build/Mac/SwiftProtobuf.framework.dSYM; sourceTree = "<group>"; };
		FF64FDDE1EBB0E0800368A78 /* SwiftyJSON.framework */ = {isa = PBXFileReference; lastKnownFileType = wrapper.framework; name = SwiftyJSON.framework; path = Carthage/Build/Mac/SwiftyJSON.framework; sourceTree = "<group>"; };
		FF64FDE11EBB0E1600368A78 /* SwiftyJSON.framework.dSYM */ = {isa = PBXFileReference; lastKnownFileType = wrapper.dsym; name = SwiftyJSON.framework.dSYM; path = Carthage/Build/Mac/SwiftyJSON.framework.dSYM; sourceTree = "<group>"; };
		FF6AA52E1EBA77F60009E342 /* Authenticator.swift */ = {isa = PBXFileReference; fileEncoding = 4; lastKnownFileType = sourcecode.swift; path = Authenticator.swift; sourceTree = "<group>"; };
		FF6AA5341EBA8A980009E342 /* Constants.swift */ = {isa = PBXFileReference; fileEncoding = 4; lastKnownFileType = sourcecode.swift; path = Constants.swift; sourceTree = "<group>"; };
		FFA470A71EB2B61E00A5F89A /* OAuthSwift.framework */ = {isa = PBXFileReference; lastKnownFileType = wrapper.framework; name = OAuthSwift.framework; path = Carthage/Build/Mac/OAuthSwift.framework; sourceTree = "<group>"; };
		FFA470A81EB2B61E00A5F89A /* SwiftProtobuf.framework */ = {isa = PBXFileReference; lastKnownFileType = wrapper.framework; name = SwiftProtobuf.framework; path = Carthage/Build/Mac/SwiftProtobuf.framework; sourceTree = "<group>"; };
		FFA470AF1EB2B63500A5F89A /* OAuthSwift.framework.dSYM */ = {isa = PBXFileReference; lastKnownFileType = wrapper.dsym; name = OAuthSwift.framework.dSYM; path = Carthage/Build/Mac/OAuthSwift.framework.dSYM; sourceTree = "<group>"; };
		FFA470B01EB2B63500A5F89A /* SwiftProtobuf.framework.dSYM */ = {isa = PBXFileReference; lastKnownFileType = wrapper.dsym; name = SwiftProtobuf.framework.dSYM; path = Carthage/Build/Mac/SwiftProtobuf.framework.dSYM; sourceTree = "<group>"; };
		FFA470E31EB2BE1C00A5F89A /* BoringSSL.framework */ = {isa = PBXFileReference; lastKnownFileType = wrapper.framework; name = BoringSSL.framework; path = Carthage/Build/Mac/BoringSSL.framework; sourceTree = "<group>"; };
		FFA470E41EB2BE1C00A5F89A /* CgRPC.framework */ = {isa = PBXFileReference; lastKnownFileType = wrapper.framework; name = CgRPC.framework; path = Carthage/Build/Mac/CgRPC.framework; sourceTree = "<group>"; };
		FFA470E51EB2BE1C00A5F89A /* gRPC.framework */ = {isa = PBXFileReference; lastKnownFileType = wrapper.framework; name = gRPC.framework; path = Carthage/Build/Mac/gRPC.framework; sourceTree = "<group>"; };
		FFA470FD1EB2C9D200A5F89A /* AssistantViewController.swift */ = {isa = PBXFileReference; fileEncoding = 4; lastKnownFileType = sourcecode.swift; path = AssistantViewController.swift; sourceTree = "<group>"; };
		FFA470FF1EB2C9EB00A5F89A /* AssistantView.xib */ = {isa = PBXFileReference; fileEncoding = 4; lastKnownFileType = file.xib; path = AssistantView.xib; sourceTree = "<group>"; };
		FFA471011EB2C9F200A5F89A /* LoginView.xib */ = {isa = PBXFileReference; fileEncoding = 4; lastKnownFileType = file.xib; path = LoginView.xib; sourceTree = "<group>"; };
		FFA471041EB2CE4500A5F89A /* Base */ = {isa = PBXFileReference; lastKnownFileType = file.xib; name = Base; path = MacAssistant/Base.lproj/MainMenu.xib; sourceTree = "<group>"; };
		FFA471061EB2D47300A5F89A /* SpeechWaveformView.swift */ = {isa = PBXFileReference; fileEncoding = 4; lastKnownFileType = sourcecode.swift; path = SpeechWaveformView.swift; sourceTree = "<group>"; };
		FFA471081EB2DF8D00A5F89A /* AudioKit.framework */ = {isa = PBXFileReference; lastKnownFileType = wrapper.framework; name = AudioKit.framework; path = Carthage/Build/Mac/AudioKit.framework; sourceTree = "<group>"; };
		FFCED5F71EC4268B0049676B /* WaveformView.swift */ = {isa = PBXFileReference; fileEncoding = 4; lastKnownFileType = sourcecode.swift; path = WaveformView.swift; sourceTree = "<group>"; };
		FFE68A701EB2A81E00F60EF5 /* MacAssistant.app */ = {isa = PBXFileReference; explicitFileType = wrapper.application; includeInIndex = 0; path = MacAssistant.app; sourceTree = BUILT_PRODUCTS_DIR; };
		FFE68A731EB2A81E00F60EF5 /* AppDelegate.swift */ = {isa = PBXFileReference; lastKnownFileType = sourcecode.swift; path = AppDelegate.swift; sourceTree = "<group>"; };
		FFE68A751EB2A81E00F60EF5 /* LoginViewController.swift */ = {isa = PBXFileReference; lastKnownFileType = sourcecode.swift; path = LoginViewController.swift; sourceTree = "<group>"; };
		FFE68A771EB2A81E00F60EF5 /* Assets.xcassets */ = {isa = PBXFileReference; lastKnownFileType = folder.assetcatalog; path = Assets.xcassets; sourceTree = "<group>"; };
		FFE68A7C1EB2A81E00F60EF5 /* Info.plist */ = {isa = PBXFileReference; lastKnownFileType = text.plist.xml; path = Info.plist; sourceTree = "<group>"; };
		FFE9B12E1EC110FC0034E85B /* roots.pem */ = {isa = PBXFileReference; fileEncoding = 4; lastKnownFileType = text; path = roots.pem; sourceTree = "<group>"; };
		FFE9B1301EC187550034E85B /* ConversationTextDelegate.swift */ = {isa = PBXFileReference; fileEncoding = 4; lastKnownFileType = sourcecode.swift; path = ConversationTextDelegate.swift; sourceTree = "<group>"; };
		FFE9B1321EC189D60034E85B /* CustomPlot.swift */ = {isa = PBXFileReference; fileEncoding = 4; lastKnownFileType = sourcecode.swift; path = CustomPlot.swift; sourceTree = "<group>"; };
		FFE9B1341EC195AB0034E85B /* google_oauth.json */ = {isa = PBXFileReference; fileEncoding = 4; lastKnownFileType = text.json; path = google_oauth.json; sourceTree = "<group>"; };
		FFF3FABC1EBD545D005E87C9 /* ConversationEntry.swift */ = {isa = PBXFileReference; fileEncoding = 4; lastKnownFileType = sourcecode.swift; path = ConversationEntry.swift; sourceTree = "<group>"; };
		FFF3FAC01EBD5ADD005E87C9 /* LoadingView.xib */ = {isa = PBXFileReference; fileEncoding = 4; lastKnownFileType = file.xib; path = LoadingView.xib; sourceTree = "<group>"; };
/* End PBXFileReference section */

/* Begin PBXFrameworksBuildPhase section */
		FFE68A6D1EB2A81E00F60EF5 /* Frameworks */ = {
			isa = PBXFrameworksBuildPhase;
			buildActionMask = 2147483647;
			files = (
				FFA471091EB2DF8D00A5F89A /* AudioKit.framework in Frameworks */,
				FFA470E61EB2BE1C00A5F89A /* BoringSSL.framework in Frameworks */,
				FFA470EA1EB2BE1C00A5F89A /* gRPC.framework in Frameworks */,
				FF64FDDF1EBB0E0800368A78 /* SwiftyJSON.framework in Frameworks */,
				FF64FDDB1EBB0DDC00368A78 /* SwiftProtobuf.framework in Frameworks */,
				FF41AB811EB40FB8003E994B /* Magnet.framework in Frameworks */,
				FFA470E81EB2BE1C00A5F89A /* CgRPC.framework in Frameworks */,
				FF17D9E81EB5609C003E1412 /* Alamofire.framework in Frameworks */,
			);
			runOnlyForDeploymentPostprocessing = 0;
		};
/* End PBXFrameworksBuildPhase section */

/* Begin PBXGroup section */
		FFA470B31EB2B79900A5F89A /* Frameworks */ = {
			isa = PBXGroup;
			children = (
				FF64FDDE1EBB0E0800368A78 /* SwiftyJSON.framework */,
				FF64FDDA1EBB0DDC00368A78 /* SwiftProtobuf.framework */,
				FF17D9E71EB5609C003E1412 /* Alamofire.framework */,
				FF41AB801EB40FB8003E994B /* Magnet.framework */,
				FFA471081EB2DF8D00A5F89A /* AudioKit.framework */,
				FFA470A71EB2B61E00A5F89A /* OAuthSwift.framework */,
				FFA470A81EB2B61E00A5F89A /* SwiftProtobuf.framework */,
				FFA470E51EB2BE1C00A5F89A /* gRPC.framework */,
				FFA470E31EB2BE1C00A5F89A /* BoringSSL.framework */,
				FFA470E41EB2BE1C00A5F89A /* CgRPC.framework */,
				FFA470AF1EB2B63500A5F89A /* OAuthSwift.framework.dSYM */,
				FF17D9EA1EB560A7003E1412 /* Alamofire.framework.dSYM */,
				FF64FDE11EBB0E1600368A78 /* SwiftyJSON.framework.dSYM */,
				FFA470B01EB2B63500A5F89A /* SwiftProtobuf.framework.dSYM */,
				FF41AB831EB40FC6003E994B /* Magnet.framework.dSYM */,
				FF64FDDD1EBB0DEB00368A78 /* SwiftProtobuf.framework.dSYM */,
			);
			name = Frameworks;
			sourceTree = "<group>";
		};
		FFA470F31EB2C20200A5F89A /* Generated */ = {
			isa = PBXGroup;
			children = (
				FF17DA091EB56CD4003E1412 /* embedded_assistant.pb.swift */,
				FF17DA061EB56CCC003E1412 /* google.assistant.embedded.v1alpha1.client.pb.swift */,
				FF17DA0B1EB56CDB003E1412 /* status.pb.swift */,
				FF17DA051EB56CCC003E1412 /* google.assistant.embedded.v1alpha1.server.pb.swift */,
			);
			name = Generated;
			sourceTree = "<group>";
		};
		FFE68A671EB2A81E00F60EF5 = {
			isa = PBXGroup;
			children = (
				FFE68A721EB2A81E00F60EF5 /* MacAssistant */,
				FFE68A711EB2A81E00F60EF5 /* Products */,
				FFA470B31EB2B79900A5F89A /* Frameworks */,
			);
			sourceTree = "<group>";
		};
		FFE68A711EB2A81E00F60EF5 /* Products */ = {
			isa = PBXGroup;
			children = (
				FFE68A701EB2A81E00F60EF5 /* MacAssistant.app */,
			);
			name = Products;
			sourceTree = "<group>";
		};
		FFE68A721EB2A81E00F60EF5 /* MacAssistant */ = {
			isa = PBXGroup;
			children = (
				FFA470F31EB2C20200A5F89A /* Generated */,
				FFE68A731EB2A81E00F60EF5 /* AppDelegate.swift */,
				FF41AB851EB416F4003E994B /* API.swift */,
				FF4F5E311ED3AFDE002CE445 /* PreferencesWindowController.swift */,
				FF4F5E331ED3B04E002CE445 /* PreferencesWindow.xib */,
				FFA470FD1EB2C9D200A5F89A /* AssistantViewController.swift */,
				FFA470FF1EB2C9EB00A5F89A /* AssistantView.xib */,
				FFE9B1301EC187550034E85B /* ConversationTextDelegate.swift */,
				FFF3FAC01EBD5ADD005E87C9 /* LoadingView.xib */,
				FFE68A751EB2A81E00F60EF5 /* LoginViewController.swift */,
				FFA471011EB2C9F200A5F89A /* LoginView.xib */,
				FFA471061EB2D47300A5F89A /* SpeechWaveformView.swift */,
				FFCED5F71EC4268B0049676B /* WaveformView.swift */,
				FFA471031EB2CE4500A5F89A /* MainMenu.xib */,
				FF6AA52E1EBA77F60009E342 /* Authenticator.swift */,
				FF6AA5341EBA8A980009E342 /* Constants.swift */,
				FFF3FABC1EBD545D005E87C9 /* ConversationEntry.swift */,
				FFE9B1321EC189D60034E85B /* CustomPlot.swift */,
				FFE9B12E1EC110FC0034E85B /* roots.pem */,
				FFE9B1341EC195AB0034E85B /* google_oauth.json */,
				FF2652011EC93DEE00ACDBB5 /* begin_prompt.mp3 */,
				FFE68A7C1EB2A81E00F60EF5 /* Info.plist */,
				FFE68A771EB2A81E00F60EF5 /* Assets.xcassets */,
			);
			path = MacAssistant;
			sourceTree = "<group>";
		};
/* End PBXGroup section */

/* Begin PBXNativeTarget section */
		FFE68A6F1EB2A81E00F60EF5 /* MacAssistant */ = {
			isa = PBXNativeTarget;
			buildConfigurationList = FFE68A7F1EB2A81E00F60EF5 /* Build configuration list for PBXNativeTarget "MacAssistant" */;
			buildPhases = (
				FFE68A6C1EB2A81E00F60EF5 /* Sources */,
				FFE68A6D1EB2A81E00F60EF5 /* Frameworks */,
				FFE68A6E1EB2A81E00F60EF5 /* Resources */,
				FFA470AD1EB2B61E00A5F89A /* Embed Frameworks */,
				FFA470AE1EB2B62700A5F89A /* CopyFiles */,
			);
			buildRules = (
			);
			dependencies = (
			);
			name = MacAssistant;
			productName = MacAssistant;
			productReference = FFE68A701EB2A81E00F60EF5 /* MacAssistant.app */;
			productType = "com.apple.product-type.application";
		};
/* End PBXNativeTarget section */

/* Begin PBXProject section */
		FFE68A681EB2A81E00F60EF5 /* Project object */ = {
			isa = PBXProject;
			attributes = {
				LastSwiftUpdateCheck = 0830;
				LastUpgradeCheck = 0830;
				ORGANIZATIONNAME = vanshgandhi;
				TargetAttributes = {
					FFE68A6F1EB2A81E00F60EF5 = {
						CreatedOnToolsVersion = 8.3.2;
						DevelopmentTeam = DU7NX744DX;
						ProvisioningStyle = Automatic;
					};
				};
			};
			buildConfigurationList = FFE68A6B1EB2A81E00F60EF5 /* Build configuration list for PBXProject "MacAssistant" */;
			compatibilityVersion = "Xcode 3.2";
			developmentRegion = English;
			hasScannedForEncodings = 0;
			knownRegions = (
				en,
				Base,
			);
			mainGroup = FFE68A671EB2A81E00F60EF5;
			productRefGroup = FFE68A711EB2A81E00F60EF5 /* Products */;
			projectDirPath = "";
			projectRoot = "";
			targets = (
				FFE68A6F1EB2A81E00F60EF5 /* MacAssistant */,
			);
		};
/* End PBXProject section */

/* Begin PBXResourcesBuildPhase section */
		FFE68A6E1EB2A81E00F60EF5 /* Resources */ = {
			isa = PBXResourcesBuildPhase;
			buildActionMask = 2147483647;
			files = (
				FFE9B1351EC195AB0034E85B /* google_oauth.json in Resources */,
				FFE9B12F1EC110FC0034E85B /* roots.pem in Resources */,
				FFA471001EB2C9EB00A5F89A /* AssistantView.xib in Resources */,
				FFE68A781EB2A81E00F60EF5 /* Assets.xcassets in Resources */,
				FF2652021EC93DEE00ACDBB5 /* begin_prompt.mp3 in Resources */,
				FFF3FAC11EBD5ADD005E87C9 /* LoadingView.xib in Resources */,
				FF4F5E341ED3B04E002CE445 /* PreferencesWindow.xib in Resources */,
				FFA471021EB2C9F200A5F89A /* LoginView.xib in Resources */,
				FFA471051EB2CE4500A5F89A /* MainMenu.xib in Resources */,
			);
			runOnlyForDeploymentPostprocessing = 0;
		};
/* End PBXResourcesBuildPhase section */

/* Begin PBXSourcesBuildPhase section */
		FFE68A6C1EB2A81E00F60EF5 /* Sources */ = {
			isa = PBXSourcesBuildPhase;
			buildActionMask = 2147483647;
			files = (
				FFA470CD1EB2B9B900A5F89A /* AppDelegate.swift in Sources */,
				FF17DA0A1EB56CD4003E1412 /* embedded_assistant.pb.swift in Sources */,
				FFCED5F81EC4268B0049676B /* WaveformView.swift in Sources */,
				FFA471071EB2D47300A5F89A /* SpeechWaveformView.swift in Sources */,
				FFF3FABD1EBD545E005E87C9 /* ConversationEntry.swift in Sources */,
				FF41AB861EB416F4003E994B /* API.swift in Sources */,
				FF17DA0C1EB56CDB003E1412 /* status.pb.swift in Sources */,
				FF4F5E321ED3AFDE002CE445 /* PreferencesWindowController.swift in Sources */,
				FF6AA52F1EBA77F60009E342 /* Authenticator.swift in Sources */,
				FFE68A761EB2A81E00F60EF5 /* LoginViewController.swift in Sources */,
				FF17DA081EB56CCC003E1412 /* google.assistant.embedded.v1alpha1.client.pb.swift in Sources */,
				FFA470FE1EB2C9D200A5F89A /* AssistantViewController.swift in Sources */,
				FFE9B1311EC187550034E85B /* ConversationTextDelegate.swift in Sources */,
				FF17DA071EB56CCC003E1412 /* google.assistant.embedded.v1alpha1.server.pb.swift in Sources */,
				FF6AA5351EBA8A980009E342 /* Constants.swift in Sources */,
				FFE9B1331EC189D60034E85B /* CustomPlot.swift in Sources */,
			);
			runOnlyForDeploymentPostprocessing = 0;
		};
/* End PBXSourcesBuildPhase section */

/* Begin PBXVariantGroup section */
		FFA471031EB2CE4500A5F89A /* MainMenu.xib */ = {
			isa = PBXVariantGroup;
			children = (
				FFA471041EB2CE4500A5F89A /* Base */,
			);
			name = MainMenu.xib;
			path = ..;
			sourceTree = "<group>";
		};
/* End PBXVariantGroup section */

/* Begin XCBuildConfiguration section */
		FFE68A7D1EB2A81E00F60EF5 /* Debug */ = {
			isa = XCBuildConfiguration;
			buildSettings = {
				ALWAYS_SEARCH_USER_PATHS = NO;
				CLANG_ANALYZER_NONNULL = YES;
				CLANG_ANALYZER_NUMBER_OBJECT_CONVERSION = YES_AGGRESSIVE;
				CLANG_CXX_LANGUAGE_STANDARD = "gnu++0x";
				CLANG_CXX_LIBRARY = "libc++";
				CLANG_ENABLE_MODULES = YES;
				CLANG_ENABLE_OBJC_ARC = YES;
				CLANG_WARN_BOOL_CONVERSION = YES;
				CLANG_WARN_CONSTANT_CONVERSION = YES;
				CLANG_WARN_DIRECT_OBJC_ISA_USAGE = YES_ERROR;
				CLANG_WARN_DOCUMENTATION_COMMENTS = YES;
				CLANG_WARN_EMPTY_BODY = YES;
				CLANG_WARN_ENUM_CONVERSION = YES;
				CLANG_WARN_INFINITE_RECURSION = YES;
				CLANG_WARN_INT_CONVERSION = YES;
				CLANG_WARN_OBJC_ROOT_CLASS = YES_ERROR;
				CLANG_WARN_SUSPICIOUS_MOVE = YES;
				CLANG_WARN_UNREACHABLE_CODE = YES;
				CLANG_WARN__DUPLICATE_METHOD_MATCH = YES;
				CODE_SIGN_IDENTITY = "-";
				COPY_PHASE_STRIP = NO;
				DEBUG_INFORMATION_FORMAT = dwarf;
				ENABLE_STRICT_OBJC_MSGSEND = YES;
				ENABLE_TESTABILITY = YES;
				GCC_C_LANGUAGE_STANDARD = gnu99;
				GCC_DYNAMIC_NO_PIC = NO;
				GCC_NO_COMMON_BLOCKS = YES;
				GCC_OPTIMIZATION_LEVEL = 0;
				GCC_PREPROCESSOR_DEFINITIONS = (
					"DEBUG=1",
					"$(inherited)",
				);
				GCC_WARN_64_TO_32_BIT_CONVERSION = YES;
				GCC_WARN_ABOUT_RETURN_TYPE = YES_ERROR;
				GCC_WARN_UNDECLARED_SELECTOR = YES;
				GCC_WARN_UNINITIALIZED_AUTOS = YES_AGGRESSIVE;
				GCC_WARN_UNUSED_FUNCTION = YES;
				GCC_WARN_UNUSED_VARIABLE = YES;
				HEADER_SEARCH_PATHS = "$(SRCROOT)/Carthage/Checkouts/grpc-swift/Sources/CgRPC/include";
				MACOSX_DEPLOYMENT_TARGET = 10.12;
				MTL_ENABLE_DEBUG_INFO = YES;
				ONLY_ACTIVE_ARCH = YES;
				SDKROOT = macosx;
				SWIFT_ACTIVE_COMPILATION_CONDITIONS = DEBUG;
				SWIFT_OPTIMIZATION_LEVEL = "-Onone";
			};
			name = Debug;
		};
		FFE68A7E1EB2A81E00F60EF5 /* Release */ = {
			isa = XCBuildConfiguration;
			buildSettings = {
				ALWAYS_SEARCH_USER_PATHS = NO;
				CLANG_ANALYZER_NONNULL = YES;
				CLANG_ANALYZER_NUMBER_OBJECT_CONVERSION = YES_AGGRESSIVE;
				CLANG_CXX_LANGUAGE_STANDARD = "gnu++0x";
				CLANG_CXX_LIBRARY = "libc++";
				CLANG_ENABLE_MODULES = YES;
				CLANG_ENABLE_OBJC_ARC = YES;
				CLANG_WARN_BOOL_CONVERSION = YES;
				CLANG_WARN_CONSTANT_CONVERSION = YES;
				CLANG_WARN_DIRECT_OBJC_ISA_USAGE = YES_ERROR;
				CLANG_WARN_DOCUMENTATION_COMMENTS = YES;
				CLANG_WARN_EMPTY_BODY = YES;
				CLANG_WARN_ENUM_CONVERSION = YES;
				CLANG_WARN_INFINITE_RECURSION = YES;
				CLANG_WARN_INT_CONVERSION = YES;
				CLANG_WARN_OBJC_ROOT_CLASS = YES_ERROR;
				CLANG_WARN_SUSPICIOUS_MOVE = YES;
				CLANG_WARN_UNREACHABLE_CODE = YES;
				CLANG_WARN__DUPLICATE_METHOD_MATCH = YES;
				CODE_SIGN_IDENTITY = "-";
				COPY_PHASE_STRIP = NO;
				DEBUG_INFORMATION_FORMAT = "dwarf-with-dsym";
				ENABLE_NS_ASSERTIONS = NO;
				ENABLE_STRICT_OBJC_MSGSEND = YES;
				GCC_C_LANGUAGE_STANDARD = gnu99;
				GCC_NO_COMMON_BLOCKS = YES;
				GCC_WARN_64_TO_32_BIT_CONVERSION = YES;
				GCC_WARN_ABOUT_RETURN_TYPE = YES_ERROR;
				GCC_WARN_UNDECLARED_SELECTOR = YES;
				GCC_WARN_UNINITIALIZED_AUTOS = YES_AGGRESSIVE;
				GCC_WARN_UNUSED_FUNCTION = YES;
				GCC_WARN_UNUSED_VARIABLE = YES;
				HEADER_SEARCH_PATHS = "$(SRCROOT)/Carthage/Checkouts/grpc-swift/Sources/CgRPC/include";
				MACOSX_DEPLOYMENT_TARGET = 10.12;
				MTL_ENABLE_DEBUG_INFO = NO;
				SDKROOT = macosx;
				SWIFT_OPTIMIZATION_LEVEL = "-Owholemodule";
			};
			name = Release;
		};
		FFE68A801EB2A81E00F60EF5 /* Debug */ = {
			isa = XCBuildConfiguration;
			buildSettings = {
				ASSETCATALOG_COMPILER_APPICON_NAME = AppIcon;
				CODE_SIGN_IDENTITY = "Mac Developer";
				COMBINE_HIDPI_IMAGES = YES;
				DEVELOPMENT_TEAM = DU7NX744DX;
				FRAMEWORK_SEARCH_PATHS = (
					"$(inherited)",
					"$(PROJECT_DIR)/Carthage/Build/Mac",
				);
				HEADER_SEARCH_PATHS = (
					"$(SRCROOT)/Carthage/Checkouts/grpc-swift/Sources/CgRPC/include",
					"\"$(SRCROOT)/Carthage/Checkouts/grpc-swift/Sources/CgRPC/include/CgRPC.h\"",
				);
				INFOPLIST_FILE = MacAssistant/Info.plist;
				LD_RUNPATH_SEARCH_PATHS = "$(inherited) @executable_path/../Frameworks";
				PRODUCT_BUNDLE_IDENTIFIER = com.vanshgandhi.MacAssistant;
				PRODUCT_NAME = "$(TARGET_NAME)";
				PROVISIONING_PROFILE_SPECIFIER = "";
				SWIFT_VERSION = 3.0;
			};
			name = Debug;
		};
		FFE68A811EB2A81E00F60EF5 /* Release */ = {
			isa = XCBuildConfiguration;
			buildSettings = {
				ASSETCATALOG_COMPILER_APPICON_NAME = AppIcon;
				CODE_SIGN_IDENTITY = "Mac Developer";
				COMBINE_HIDPI_IMAGES = YES;
				DEVELOPMENT_TEAM = DU7NX744DX;
				FRAMEWORK_SEARCH_PATHS = (
					"$(inherited)",
					"$(PROJECT_DIR)/Carthage/Build/Mac",
				);
				HEADER_SEARCH_PATHS = (
					"$(SRCROOT)/Carthage/Checkouts/grpc-swift/Sources/CgRPC/include",
					"\"$(SRCROOT)/Carthage/Checkouts/grpc-swift/Sources/CgRPC/include/CgRPC.h\"",
				);
				INFOPLIST_FILE = MacAssistant/Info.plist;
				LD_RUNPATH_SEARCH_PATHS = "$(inherited) @executable_path/../Frameworks";
				PRODUCT_BUNDLE_IDENTIFIER = com.vanshgandhi.MacAssistant;
				PRODUCT_NAME = "$(TARGET_NAME)";
				PROVISIONING_PROFILE_SPECIFIER = "";
				SWIFT_VERSION = 3.0;
			};
			name = Release;
		};
/* End XCBuildConfiguration section */

/* Begin XCConfigurationList section */
		FFE68A6B1EB2A81E00F60EF5 /* Build configuration list for PBXProject "MacAssistant" */ = {
			isa = XCConfigurationList;
			buildConfigurations = (
				FFE68A7D1EB2A81E00F60EF5 /* Debug */,
				FFE68A7E1EB2A81E00F60EF5 /* Release */,
			);
			defaultConfigurationIsVisible = 0;
			defaultConfigurationName = Release;
		};
		FFE68A7F1EB2A81E00F60EF5 /* Build configuration list for PBXNativeTarget "MacAssistant" */ = {
			isa = XCConfigurationList;
			buildConfigurations = (
				FFE68A801EB2A81E00F60EF5 /* Debug */,
				FFE68A811EB2A81E00F60EF5 /* Release */,
			);
			defaultConfigurationIsVisible = 0;
			defaultConfigurationName = Release;
		};
/* End XCConfigurationList section */
	};
	rootObject = FFE68A681EB2A81E00F60EF5 /* Project object */;
}
