// !$*UTF8*$!
{
	archiveVersion = 1;
	classes = {
	};
	objectVersion = 50;
	objects = {

/* Begin PBXBuildFile section */
		58495794218ABCF40021602E /* AssistCallContainer.swift in Sources */ = {isa = PBXBuildFile; fileRef = 58495793218ABCF40021602E /* AssistCallContainer.swift */; };
		58495797218ABD3A0021602E /* NSCollectionView.swift in Sources */ = {isa = PBXBuildFile; fileRef = 58495796218ABD3A0021602E /* NSCollectionView.swift */; };
		58495799218AC0C60021602E /* Typealiases.swift in Sources */ = {isa = PBXBuildFile; fileRef = 58495798218AC0C60021602E /* Typealiases.swift */; };
		5849579E218ACFED0021602E /* GeneralPreferenceViewController.swift in Sources */ = {isa = PBXBuildFile; fileRef = 5849579D218ACFED0021602E /* GeneralPreferenceViewController.swift */; };
		584957A0218AD0E30021602E /* AppearancePreferenceViewController.swift in Sources */ = {isa = PBXBuildFile; fileRef = 5849579F218AD0E30021602E /* AppearancePreferenceViewController.swift */; };
		584957A2218AD12C0021602E /* AudioPreferenceViewController.swift in Sources */ = {isa = PBXBuildFile; fileRef = 584957A1218AD12C0021602E /* AudioPreferenceViewController.swift */; };
		584957A4218AD1510021602E /* AccountPreferenceViewController.swift in Sources */ = {isa = PBXBuildFile; fileRef = 584957A3218AD1510021602E /* AccountPreferenceViewController.swift */; };
		584957A8218AD7F10021602E /* GeneralPreferenceView.xib in Resources */ = {isa = PBXBuildFile; fileRef = 584957A7218AD7F10021602E /* GeneralPreferenceView.xib */; };
		584957AC218AD8DD0021602E /* AudioPreferenceView.xib in Resources */ = {isa = PBXBuildFile; fileRef = 584957A9218AD8DC0021602E /* AudioPreferenceView.xib */; };
		584957AD218AD8DD0021602E /* AccountPreferenceView.xib in Resources */ = {isa = PBXBuildFile; fileRef = 584957AA218AD8DC0021602E /* AccountPreferenceView.xib */; };
		584957AE218AD8DD0021602E /* AppearancePreferenceView.xib in Resources */ = {isa = PBXBuildFile; fileRef = 584957AB218AD8DD0021602E /* AppearancePreferenceView.xib */; };
		584957B0218ADD140021602E /* PreferenceDefaultsKeys.swift in Sources */ = {isa = PBXBuildFile; fileRef = 584957AF218ADD140021602E /* PreferenceDefaultsKeys.swift */; };
		588AAED42114299F0030AE52 /* AppDelegate.swift in Sources */ = {isa = PBXBuildFile; fileRef = 588AAED32114299F0030AE52 /* AppDelegate.swift */; };
		588AAED62114299F0030AE52 /* LoginViewController.swift in Sources */ = {isa = PBXBuildFile; fileRef = 588AAED52114299F0030AE52 /* LoginViewController.swift */; };
		588AAED82114299F0030AE52 /* Assets.xcassets in Resources */ = {isa = PBXBuildFile; fileRef = 588AAED72114299F0030AE52 /* Assets.xcassets */; };
		588AAEDB2114299F0030AE52 /* Main.storyboard in Resources */ = {isa = PBXBuildFile; fileRef = 588AAED92114299F0030AE52 /* Main.storyboard */; };
		588AAEEA21142AD10030AE52 /* DefaultsKeys.swift in Sources */ = {isa = PBXBuildFile; fileRef = 588AAEE321142ACE0030AE52 /* DefaultsKeys.swift */; };
		588AAEEB21142AD10030AE52 /* Assistant.swift in Sources */ = {isa = PBXBuildFile; fileRef = 588AAEE421142ACF0030AE52 /* Assistant.swift */; };
		588AAEEC21142AD10030AE52 /* AudioDelegate.swift in Sources */ = {isa = PBXBuildFile; fileRef = 588AAEE521142ACF0030AE52 /* AudioDelegate.swift */; };
		588AAEED21142AD10030AE52 /* AssistantDelegate.swift in Sources */ = {isa = PBXBuildFile; fileRef = 588AAEE621142AD00030AE52 /* AssistantDelegate.swift */; };
		588AAEEE21142AD10030AE52 /* Authenticator.swift in Sources */ = {isa = PBXBuildFile; fileRef = 588AAEE721142AD00030AE52 /* Authenticator.swift */; };
		588AAEEF21142AD10030AE52 /* AudioEngine.swift in Sources */ = {isa = PBXBuildFile; fileRef = 588AAEE821142AD10030AE52 /* AudioEngine.swift */; };
		588AAEF021142AD10030AE52 /* AudioConstants.swift in Sources */ = {isa = PBXBuildFile; fileRef = 588AAEE921142AD10030AE52 /* AudioConstants.swift */; };
		588AAEFC21142B390030AE52 /* embedded_assistant.grpc.swift in Sources */ = {isa = PBXBuildFile; fileRef = 588AAEF621142B390030AE52 /* embedded_assistant.grpc.swift */; };
		588AAEFD21142B390030AE52 /* embedded_assistant.pb.swift in Sources */ = {isa = PBXBuildFile; fileRef = 588AAEF721142B390030AE52 /* embedded_assistant.pb.swift */; };
		588AAEFE21142B390030AE52 /* latlng.pb.swift in Sources */ = {isa = PBXBuildFile; fileRef = 588AAEF921142B390030AE52 /* latlng.pb.swift */; };
		588AAEFF21142B390030AE52 /* status.pb.swift in Sources */ = {isa = PBXBuildFile; fileRef = 588AAEFB21142B390030AE52 /* status.pb.swift */; };
		588AAF0121142C330030AE52 /* google_oauth.json in Resources */ = {isa = PBXBuildFile; fileRef = 588AAF0021142C330030AE52 /* google_oauth.json */; };
		588AAF0521143DFF0030AE52 /* LoginWindowController.swift in Sources */ = {isa = PBXBuildFile; fileRef = 588AAF0421143DFF0030AE52 /* LoginWindowController.swift */; };
		588AAF0B211443590030AE52 /* AssistantWindowController.swift in Sources */ = {isa = PBXBuildFile; fileRef = 588AAF0A211443590030AE52 /* AssistantWindowController.swift */; };
		58D7382E2115627A00D55D90 /* LoginSuccessDelegate.swift in Sources */ = {isa = PBXBuildFile; fileRef = 58D7382D2115627A00D55D90 /* LoginSuccessDelegate.swift */; };
		58D7383021157DAC00D55D90 /* AssistantViewController.swift in Sources */ = {isa = PBXBuildFile; fileRef = 58D7382F21157DAC00D55D90 /* AssistantViewController.swift */; };
		58D7383221162DC500D55D90 /* ConversationEntry.swift in Sources */ = {isa = PBXBuildFile; fileRef = 58D7383121162DC500D55D90 /* ConversationEntry.swift */; };
		58D73835211630AC00D55D90 /* ConversationItem.swift in Sources */ = {isa = PBXBuildFile; fileRef = 58D73833211630AC00D55D90 /* ConversationItem.swift */; };
		58D73836211630AC00D55D90 /* ConversationItem.xib in Resources */ = {isa = PBXBuildFile; fileRef = 58D73834211630AC00D55D90 /* ConversationItem.xib */; };
		F78A4B0538CCF92EDB2E20CA /* Pods_MacAssistant.framework in Frameworks */ = {isa = PBXBuildFile; fileRef = 12C2C59A5FFED26A3F40BE2A /* Pods_MacAssistant.framework */; };
/* End PBXBuildFile section */

/* Begin PBXFileReference section */
		12C2C59A5FFED26A3F40BE2A /* Pods_MacAssistant.framework */ = {isa = PBXFileReference; explicitFileType = wrapper.framework; includeInIndex = 0; path = Pods_MacAssistant.framework; sourceTree = BUILT_PRODUCTS_DIR; };
		58495793218ABCF40021602E /* AssistCallContainer.swift */ = {isa = PBXFileReference; lastKnownFileType = sourcecode.swift; path = AssistCallContainer.swift; sourceTree = "<group>"; };
		58495796218ABD3A0021602E /* NSCollectionView.swift */ = {isa = PBXFileReference; lastKnownFileType = sourcecode.swift; path = NSCollectionView.swift; sourceTree = "<group>"; };
		58495798218AC0C60021602E /* Typealiases.swift */ = {isa = PBXFileReference; lastKnownFileType = sourcecode.swift; path = Typealiases.swift; sourceTree = "<group>"; };
		5849579D218ACFED0021602E /* GeneralPreferenceViewController.swift */ = {isa = PBXFileReference; lastKnownFileType = sourcecode.swift; path = GeneralPreferenceViewController.swift; sourceTree = "<group>"; };
		5849579F218AD0E30021602E /* AppearancePreferenceViewController.swift */ = {isa = PBXFileReference; lastKnownFileType = sourcecode.swift; path = AppearancePreferenceViewController.swift; sourceTree = "<group>"; };
		584957A1218AD12C0021602E /* AudioPreferenceViewController.swift */ = {isa = PBXFileReference; lastKnownFileType = sourcecode.swift; path = AudioPreferenceViewController.swift; sourceTree = "<group>"; };
		584957A3218AD1510021602E /* AccountPreferenceViewController.swift */ = {isa = PBXFileReference; lastKnownFileType = sourcecode.swift; path = AccountPreferenceViewController.swift; sourceTree = "<group>"; };
		584957A7218AD7F10021602E /* GeneralPreferenceView.xib */ = {isa = PBXFileReference; fileEncoding = 4; lastKnownFileType = file.xib; path = GeneralPreferenceView.xib; sourceTree = "<group>"; };
		584957A9218AD8DC0021602E /* AudioPreferenceView.xib */ = {isa = PBXFileReference; fileEncoding = 4; lastKnownFileType = file.xib; path = AudioPreferenceView.xib; sourceTree = "<group>"; };
		584957AA218AD8DC0021602E /* AccountPreferenceView.xib */ = {isa = PBXFileReference; fileEncoding = 4; lastKnownFileType = file.xib; path = AccountPreferenceView.xib; sourceTree = "<group>"; };
		584957AB218AD8DD0021602E /* AppearancePreferenceView.xib */ = {isa = PBXFileReference; fileEncoding = 4; lastKnownFileType = file.xib; path = AppearancePreferenceView.xib; sourceTree = "<group>"; };
		584957AF218ADD140021602E /* PreferenceDefaultsKeys.swift */ = {isa = PBXFileReference; lastKnownFileType = sourcecode.swift; path = PreferenceDefaultsKeys.swift; sourceTree = "<group>"; };
		588AAED02114299F0030AE52 /* MacAssistant.app */ = {isa = PBXFileReference; explicitFileType = wrapper.application; includeInIndex = 0; path = MacAssistant.app; sourceTree = BUILT_PRODUCTS_DIR; };
		588AAED32114299F0030AE52 /* AppDelegate.swift */ = {isa = PBXFileReference; lastKnownFileType = sourcecode.swift; path = AppDelegate.swift; sourceTree = "<group>"; };
		588AAED52114299F0030AE52 /* LoginViewController.swift */ = {isa = PBXFileReference; lastKnownFileType = sourcecode.swift; path = LoginViewController.swift; sourceTree = "<group>"; };
		588AAED72114299F0030AE52 /* Assets.xcassets */ = {isa = PBXFileReference; lastKnownFileType = folder.assetcatalog; path = Assets.xcassets; sourceTree = "<group>"; };
		588AAEDA2114299F0030AE52 /* Base */ = {isa = PBXFileReference; lastKnownFileType = file.storyboard; name = Base; path = Base.lproj/Main.storyboard; sourceTree = "<group>"; };
		588AAEDC211429A00030AE52 /* Info.plist */ = {isa = PBXFileReference; lastKnownFileType = text.plist.xml; path = Info.plist; sourceTree = "<group>"; };
		588AAEDD211429A00030AE52 /* MacAssistant.entitlements */ = {isa = PBXFileReference; lastKnownFileType = text.plist.entitlements; path = MacAssistant.entitlements; sourceTree = "<group>"; };
		588AAEE321142ACE0030AE52 /* DefaultsKeys.swift */ = {isa = PBXFileReference; fileEncoding = 4; lastKnownFileType = sourcecode.swift; path = DefaultsKeys.swift; sourceTree = "<group>"; };
		588AAEE421142ACF0030AE52 /* Assistant.swift */ = {isa = PBXFileReference; fileEncoding = 4; lastKnownFileType = sourcecode.swift; path = Assistant.swift; sourceTree = "<group>"; };
		588AAEE521142ACF0030AE52 /* AudioDelegate.swift */ = {isa = PBXFileReference; fileEncoding = 4; lastKnownFileType = sourcecode.swift; path = AudioDelegate.swift; sourceTree = "<group>"; };
		588AAEE621142AD00030AE52 /* AssistantDelegate.swift */ = {isa = PBXFileReference; fileEncoding = 4; lastKnownFileType = sourcecode.swift; path = AssistantDelegate.swift; sourceTree = "<group>"; };
		588AAEE721142AD00030AE52 /* Authenticator.swift */ = {isa = PBXFileReference; fileEncoding = 4; lastKnownFileType = sourcecode.swift; path = Authenticator.swift; sourceTree = "<group>"; };
		588AAEE821142AD10030AE52 /* AudioEngine.swift */ = {isa = PBXFileReference; fileEncoding = 4; lastKnownFileType = sourcecode.swift; path = AudioEngine.swift; sourceTree = "<group>"; };
		588AAEE921142AD10030AE52 /* AudioConstants.swift */ = {isa = PBXFileReference; fileEncoding = 4; lastKnownFileType = sourcecode.swift; path = AudioConstants.swift; sourceTree = "<group>"; };
		588AAEF621142B390030AE52 /* embedded_assistant.grpc.swift */ = {isa = PBXFileReference; fileEncoding = 4; lastKnownFileType = sourcecode.swift; path = embedded_assistant.grpc.swift; sourceTree = "<group>"; };
		588AAEF721142B390030AE52 /* embedded_assistant.pb.swift */ = {isa = PBXFileReference; fileEncoding = 4; lastKnownFileType = sourcecode.swift; path = embedded_assistant.pb.swift; sourceTree = "<group>"; };
		588AAEF921142B390030AE52 /* latlng.pb.swift */ = {isa = PBXFileReference; fileEncoding = 4; lastKnownFileType = sourcecode.swift; path = latlng.pb.swift; sourceTree = "<group>"; };
		588AAEFB21142B390030AE52 /* status.pb.swift */ = {isa = PBXFileReference; fileEncoding = 4; lastKnownFileType = sourcecode.swift; path = status.pb.swift; sourceTree = "<group>"; };
		588AAF0021142C330030AE52 /* google_oauth.json */ = {isa = PBXFileReference; fileEncoding = 4; lastKnownFileType = text.json; path = google_oauth.json; sourceTree = "<group>"; };
		588AAF0421143DFF0030AE52 /* LoginWindowController.swift */ = {isa = PBXFileReference; lastKnownFileType = sourcecode.swift; path = LoginWindowController.swift; sourceTree = "<group>"; };
		588AAF0A211443590030AE52 /* AssistantWindowController.swift */ = {isa = PBXFileReference; lastKnownFileType = sourcecode.swift; path = AssistantWindowController.swift; sourceTree = "<group>"; };
		58D7382D2115627A00D55D90 /* LoginSuccessDelegate.swift */ = {isa = PBXFileReference; lastKnownFileType = sourcecode.swift; path = LoginSuccessDelegate.swift; sourceTree = "<group>"; };
		58D7382F21157DAC00D55D90 /* AssistantViewController.swift */ = {isa = PBXFileReference; lastKnownFileType = sourcecode.swift; path = AssistantViewController.swift; sourceTree = "<group>"; };
		58D7383121162DC500D55D90 /* ConversationEntry.swift */ = {isa = PBXFileReference; lastKnownFileType = sourcecode.swift; path = ConversationEntry.swift; sourceTree = "<group>"; };
		58D73833211630AC00D55D90 /* ConversationItem.swift */ = {isa = PBXFileReference; lastKnownFileType = sourcecode.swift; path = ConversationItem.swift; sourceTree = "<group>"; };
		58D73834211630AC00D55D90 /* ConversationItem.xib */ = {isa = PBXFileReference; lastKnownFileType = file.xib; path = ConversationItem.xib; sourceTree = "<group>"; };
		741C6460B9DAC9EEF984BEB6 /* Pods-MacAssistant.debug.xcconfig */ = {isa = PBXFileReference; includeInIndex = 1; lastKnownFileType = text.xcconfig; name = "Pods-MacAssistant.debug.xcconfig"; path = "Pods/Target Support Files/Pods-MacAssistant/Pods-MacAssistant.debug.xcconfig"; sourceTree = "<group>"; };
		C0392D4A8B3A4D6F1146204B /* Pods-MacAssistant.release.xcconfig */ = {isa = PBXFileReference; includeInIndex = 1; lastKnownFileType = text.xcconfig; name = "Pods-MacAssistant.release.xcconfig"; path = "Pods/Target Support Files/Pods-MacAssistant/Pods-MacAssistant.release.xcconfig"; sourceTree = "<group>"; };
/* End PBXFileReference section */

/* Begin PBXFrameworksBuildPhase section */
		588AAECD2114299F0030AE52 /* Frameworks */ = {
			isa = PBXFrameworksBuildPhase;
			buildActionMask = 2147483647;
			files = (
				F78A4B0538CCF92EDB2E20CA /* Pods_MacAssistant.framework in Frameworks */,
			);
			runOnlyForDeploymentPostprocessing = 0;
		};
/* End PBXFrameworksBuildPhase section */

/* Begin PBXGroup section */
		58495795218ABD260021602E /* Extensions */ = {
			isa = PBXGroup;
			children = (
				58495796218ABD3A0021602E /* NSCollectionView.swift */,
			);
			path = Extensions;
			sourceTree = "<group>";
		};
		5849579C218AC4AD0021602E /* Preferences */ = {
			isa = PBXGroup;
			children = (
				584957A7218AD7F10021602E /* GeneralPreferenceView.xib */,
				5849579D218ACFED0021602E /* GeneralPreferenceViewController.swift */,
				584957AB218AD8DD0021602E /* AppearancePreferenceView.xib */,
				5849579F218AD0E30021602E /* AppearancePreferenceViewController.swift */,
				584957A9218AD8DC0021602E /* AudioPreferenceView.xib */,
				584957A1218AD12C0021602E /* AudioPreferenceViewController.swift */,
				584957AA218AD8DC0021602E /* AccountPreferenceView.xib */,
				584957A3218AD1510021602E /* AccountPreferenceViewController.swift */,
				584957AF218ADD140021602E /* PreferenceDefaultsKeys.swift */,
			);
			path = Preferences;
			sourceTree = "<group>";
		};
		588AAEC72114299F0030AE52 = {
			isa = PBXGroup;
			children = (
				B7A1D97A60103CC83F6649F6 /* Frameworks */,
				588AAED22114299F0030AE52 /* MacAssistant */,
				8909FAE8CB9A76FE9FF25789 /* Pods */,
				588AAED12114299F0030AE52 /* Products */,
			);
			sourceTree = "<group>";
		};
		588AAED12114299F0030AE52 /* Products */ = {
			isa = PBXGroup;
			children = (
				588AAED02114299F0030AE52 /* MacAssistant.app */,
			);
			name = Products;
			sourceTree = "<group>";
		};
		588AAED22114299F0030AE52 /* MacAssistant */ = {
			isa = PBXGroup;
			children = (
				588AAED32114299F0030AE52 /* AppDelegate.swift */,
				588AAF09211442E40030AE52 /* Assistant */,
				5849579C218AC4AD0021602E /* Preferences */,
				588AAF07211442A50030AE52 /* Audio */,
				588AAF0621143EC20030AE52 /* Auth */,
				58495795218ABD260021602E /* Extensions */,
				588AAF08211442CA0030AE52 /* Config */,
				588AAEF121142B390030AE52 /* Generated */,
				588AAED92114299F0030AE52 /* Main.storyboard */,
				588AAED72114299F0030AE52 /* Assets.xcassets */,
				588AAEDD211429A00030AE52 /* MacAssistant.entitlements */,
				588AAEDC211429A00030AE52 /* Info.plist */,
			);
			path = MacAssistant;
			sourceTree = "<group>";
		};
		588AAEF121142B390030AE52 /* Generated */ = {
			isa = PBXGroup;
			children = (
				588AAEF221142B390030AE52 /* google */,
			);
			path = Generated;
			sourceTree = "<group>";
		};
		588AAEF221142B390030AE52 /* google */ = {
			isa = PBXGroup;
			children = (
				588AAEF321142B390030AE52 /* assistant */,
				588AAEF821142B390030AE52 /* type */,
				588AAEFA21142B390030AE52 /* rpc */,
			);
			path = google;
			sourceTree = "<group>";
		};
		588AAEF321142B390030AE52 /* assistant */ = {
			isa = PBXGroup;
			children = (
				588AAEF421142B390030AE52 /* embedded */,
			);
			path = assistant;
			sourceTree = "<group>";
		};
		588AAEF421142B390030AE52 /* embedded */ = {
			isa = PBXGroup;
			children = (
				588AAEF521142B390030AE52 /* v1alpha2 */,
			);
			path = embedded;
			sourceTree = "<group>";
		};
		588AAEF521142B390030AE52 /* v1alpha2 */ = {
			isa = PBXGroup;
			children = (
				588AAEF621142B390030AE52 /* embedded_assistant.grpc.swift */,
				588AAEF721142B390030AE52 /* embedded_assistant.pb.swift */,
			);
			path = v1alpha2;
			sourceTree = "<group>";
		};
		588AAEF821142B390030AE52 /* type */ = {
			isa = PBXGroup;
			children = (
				588AAEF921142B390030AE52 /* latlng.pb.swift */,
			);
			path = type;
			sourceTree = "<group>";
		};
		588AAEFA21142B390030AE52 /* rpc */ = {
			isa = PBXGroup;
			children = (
				588AAEFB21142B390030AE52 /* status.pb.swift */,
			);
			path = rpc;
			sourceTree = "<group>";
		};
		588AAF0621143EC20030AE52 /* Auth */ = {
			isa = PBXGroup;
			children = (
				588AAEE721142AD00030AE52 /* Authenticator.swift */,
				588AAED52114299F0030AE52 /* LoginViewController.swift */,
				588AAF0421143DFF0030AE52 /* LoginWindowController.swift */,
				58D7382D2115627A00D55D90 /* LoginSuccessDelegate.swift */,
			);
			path = Auth;
			sourceTree = "<group>";
		};
		588AAF07211442A50030AE52 /* Audio */ = {
			isa = PBXGroup;
			children = (
				588AAEE921142AD10030AE52 /* AudioConstants.swift */,
				588AAEE521142ACF0030AE52 /* AudioDelegate.swift */,
				588AAEE821142AD10030AE52 /* AudioEngine.swift */,
			);
			path = Audio;
			sourceTree = "<group>";
		};
		588AAF08211442CA0030AE52 /* Config */ = {
			isa = PBXGroup;
			children = (
				588AAEE321142ACE0030AE52 /* DefaultsKeys.swift */,
				588AAF0021142C330030AE52 /* google_oauth.json */,
			);
			path = Config;
			sourceTree = "<group>";
		};
		588AAF09211442E40030AE52 /* Assistant */ = {
			isa = PBXGroup;
			children = (
				588AAEE421142ACF0030AE52 /* Assistant.swift */,
				588AAEE621142AD00030AE52 /* AssistantDelegate.swift */,
				588AAF0A211443590030AE52 /* AssistantWindowController.swift */,
				58D7382F21157DAC00D55D90 /* AssistantViewController.swift */,
				58D7383121162DC500D55D90 /* ConversationEntry.swift */,
				58D73833211630AC00D55D90 /* ConversationItem.swift */,
				58D73834211630AC00D55D90 /* ConversationItem.xib */,
				58495793218ABCF40021602E /* AssistCallContainer.swift */,
				58495798218AC0C60021602E /* Typealiases.swift */,
			);
			path = Assistant;
			sourceTree = "<group>";
		};
		8909FAE8CB9A76FE9FF25789 /* Pods */ = {
			isa = PBXGroup;
			children = (
				741C6460B9DAC9EEF984BEB6 /* Pods-MacAssistant.debug.xcconfig */,
				C0392D4A8B3A4D6F1146204B /* Pods-MacAssistant.release.xcconfig */,
			);
			name = Pods;
			sourceTree = "<group>";
		};
		B7A1D97A60103CC83F6649F6 /* Frameworks */ = {
			isa = PBXGroup;
			children = (
				12C2C59A5FFED26A3F40BE2A /* Pods_MacAssistant.framework */,
			);
			name = Frameworks;
			sourceTree = "<group>";
		};
/* End PBXGroup section */

/* Begin PBXNativeTarget section */
		588AAECF2114299F0030AE52 /* MacAssistant */ = {
			isa = PBXNativeTarget;
			buildConfigurationList = 588AAEE0211429A00030AE52 /* Build configuration list for PBXNativeTarget "MacAssistant" */;
			buildPhases = (
				C7E9E81A23AFF389BD5A7991 /* [CP] Check Pods Manifest.lock */,
				588AAECC2114299F0030AE52 /* Sources */,
				588AAECD2114299F0030AE52 /* Frameworks */,
				588AAECE2114299F0030AE52 /* Resources */,
				8C9C93FB52324B7B8DE6844D /* [CP] Embed Pods Frameworks */,
			);
			buildRules = (
			);
			dependencies = (
			);
			name = MacAssistant;
			productName = MacAssistant;
			productReference = 588AAED02114299F0030AE52 /* MacAssistant.app */;
			productType = "com.apple.product-type.application";
		};
/* End PBXNativeTarget section */

/* Begin PBXProject section */
		588AAEC82114299F0030AE52 /* Project object */ = {
			isa = PBXProject;
			attributes = {
				LastSwiftUpdateCheck = 0940;
				LastUpgradeCheck = 0940;
				ORGANIZATIONNAME = "Vansh Gandhi";
				TargetAttributes = {
					588AAECF2114299F0030AE52 = {
						CreatedOnToolsVersion = 9.4.1;
						LastSwiftMigration = 1000;
						SystemCapabilities = {
							com.apple.Sandbox = {
								enabled = 0;
							};
						};
					};
				};
			};
			buildConfigurationList = 588AAECB2114299F0030AE52 /* Build configuration list for PBXProject "MacAssistant" */;
			compatibilityVersion = "Xcode 9.3";
			developmentRegion = en;
			hasScannedForEncodings = 0;
			knownRegions = (
				en,
				Base,
			);
			mainGroup = 588AAEC72114299F0030AE52;
			productRefGroup = 588AAED12114299F0030AE52 /* Products */;
			projectDirPath = "";
			projectRoot = "";
			targets = (
				588AAECF2114299F0030AE52 /* MacAssistant */,
			);
		};
/* End PBXProject section */

/* Begin PBXResourcesBuildPhase section */
		588AAECE2114299F0030AE52 /* Resources */ = {
			isa = PBXResourcesBuildPhase;
			buildActionMask = 2147483647;
			files = (
				588AAF0121142C330030AE52 /* google_oauth.json in Resources */,
				588AAED82114299F0030AE52 /* Assets.xcassets in Resources */,
				584957AD218AD8DD0021602E /* AccountPreferenceView.xib in Resources */,
				584957A8218AD7F10021602E /* GeneralPreferenceView.xib in Resources */,
				588AAEDB2114299F0030AE52 /* Main.storyboard in Resources */,
				584957AC218AD8DD0021602E /* AudioPreferenceView.xib in Resources */,
				58D73836211630AC00D55D90 /* ConversationItem.xib in Resources */,
				584957AE218AD8DD0021602E /* AppearancePreferenceView.xib in Resources */,
			);
			runOnlyForDeploymentPostprocessing = 0;
		};
/* End PBXResourcesBuildPhase section */

/* Begin PBXShellScriptBuildPhase section */
		8C9C93FB52324B7B8DE6844D /* [CP] Embed Pods Frameworks */ = {
			isa = PBXShellScriptBuildPhase;
			buildActionMask = 12;
			files = (
			);
			inputPaths = (
				"${SRCROOT}/Pods/Target Support Files/Pods-MacAssistant/Pods-MacAssistant-frameworks.sh",
				"${BUILT_PRODUCTS_DIR}/Alamofire/Alamofire.framework",
				"${BUILT_PRODUCTS_DIR}/BoringSSL/openssl.framework",
				"${BUILT_PRODUCTS_DIR}/KeyHolder/KeyHolder.framework",
				"${BUILT_PRODUCTS_DIR}/Log/Log.framework",
				"${BUILT_PRODUCTS_DIR}/Magnet/Magnet.framework",
				"${BUILT_PRODUCTS_DIR}/Preferences/Preferences.framework",
				"${BUILT_PRODUCTS_DIR}/SwiftGRPC/SwiftGRPC.framework",
				"${BUILT_PRODUCTS_DIR}/SwiftProtobuf/SwiftProtobuf.framework",
				"${BUILT_PRODUCTS_DIR}/SwiftyJSON/SwiftyJSON.framework",
				"${BUILT_PRODUCTS_DIR}/SwiftyUserDefaults/SwiftyUserDefaults.framework",
				"${BUILT_PRODUCTS_DIR}/gRPC-Core/grpc.framework",
				"${BUILT_PRODUCTS_DIR}/nanopb/nanopb.framework",
			);
			name = "[CP] Embed Pods Frameworks";
			outputPaths = (
				"${TARGET_BUILD_DIR}/${FRAMEWORKS_FOLDER_PATH}/Alamofire.framework",
				"${TARGET_BUILD_DIR}/${FRAMEWORKS_FOLDER_PATH}/openssl.framework",
				"${TARGET_BUILD_DIR}/${FRAMEWORKS_FOLDER_PATH}/KeyHolder.framework",
				"${TARGET_BUILD_DIR}/${FRAMEWORKS_FOLDER_PATH}/Log.framework",
				"${TARGET_BUILD_DIR}/${FRAMEWORKS_FOLDER_PATH}/Magnet.framework",
				"${TARGET_BUILD_DIR}/${FRAMEWORKS_FOLDER_PATH}/Preferences.framework",
				"${TARGET_BUILD_DIR}/${FRAMEWORKS_FOLDER_PATH}/SwiftGRPC.framework",
				"${TARGET_BUILD_DIR}/${FRAMEWORKS_FOLDER_PATH}/SwiftProtobuf.framework",
				"${TARGET_BUILD_DIR}/${FRAMEWORKS_FOLDER_PATH}/SwiftyJSON.framework",
				"${TARGET_BUILD_DIR}/${FRAMEWORKS_FOLDER_PATH}/SwiftyUserDefaults.framework",
				"${TARGET_BUILD_DIR}/${FRAMEWORKS_FOLDER_PATH}/grpc.framework",
				"${TARGET_BUILD_DIR}/${FRAMEWORKS_FOLDER_PATH}/nanopb.framework",
			);
			runOnlyForDeploymentPostprocessing = 0;
			shellPath = /bin/sh;
			shellScript = "\"${SRCROOT}/Pods/Target Support Files/Pods-MacAssistant/Pods-MacAssistant-frameworks.sh\"\n";
			showEnvVarsInLog = 0;
		};
		C7E9E81A23AFF389BD5A7991 /* [CP] Check Pods Manifest.lock */ = {
			isa = PBXShellScriptBuildPhase;
			buildActionMask = 12;
			files = (
			);
			inputPaths = (
				"${PODS_PODFILE_DIR_PATH}/Podfile.lock",
				"${PODS_ROOT}/Manifest.lock",
			);
			name = "[CP] Check Pods Manifest.lock";
			outputPaths = (
				"$(DERIVED_FILE_DIR)/Pods-MacAssistant-checkManifestLockResult.txt",
			);
			runOnlyForDeploymentPostprocessing = 0;
			shellPath = /bin/sh;
			shellScript = "diff \"${PODS_PODFILE_DIR_PATH}/Podfile.lock\" \"${PODS_ROOT}/Manifest.lock\" > /dev/null\nif [ $? != 0 ] ; then\n    # print error to STDERR\n    echo \"error: The sandbox is not in sync with the Podfile.lock. Run 'pod install' or update your CocoaPods installation.\" >&2\n    exit 1\nfi\n# This output is used by Xcode 'outputs' to avoid re-running this script phase.\necho \"SUCCESS\" > \"${SCRIPT_OUTPUT_FILE_0}\"\n";
			showEnvVarsInLog = 0;
		};
/* End PBXShellScriptBuildPhase section */

/* Begin PBXSourcesBuildPhase section */
		588AAECC2114299F0030AE52 /* Sources */ = {
			isa = PBXSourcesBuildPhase;
			buildActionMask = 2147483647;
			files = (
				5849579E218ACFED0021602E /* GeneralPreferenceViewController.swift in Sources */,
				584957A0218AD0E30021602E /* AppearancePreferenceViewController.swift in Sources */,
				584957A2218AD12C0021602E /* AudioPreferenceViewController.swift in Sources */,
				588AAEFE21142B390030AE52 /* latlng.pb.swift in Sources */,
				588AAEFD21142B390030AE52 /* embedded_assistant.pb.swift in Sources */,
				58495794218ABCF40021602E /* AssistCallContainer.swift in Sources */,
				58495797218ABD3A0021602E /* NSCollectionView.swift in Sources */,
				58D7382E2115627A00D55D90 /* LoginSuccessDelegate.swift in Sources */,
				58D7383221162DC500D55D90 /* ConversationEntry.swift in Sources */,
				588AAEEB21142AD10030AE52 /* Assistant.swift in Sources */,
				588AAEEE21142AD10030AE52 /* Authenticator.swift in Sources */,
				588AAED62114299F0030AE52 /* LoginViewController.swift in Sources */,
				58D73835211630AC00D55D90 /* ConversationItem.swift in Sources */,
				588AAEFC21142B390030AE52 /* embedded_assistant.grpc.swift in Sources */,
				588AAEEA21142AD10030AE52 /* DefaultsKeys.swift in Sources */,
				588AAEEF21142AD10030AE52 /* AudioEngine.swift in Sources */,
				588AAEFF21142B390030AE52 /* status.pb.swift in Sources */,
				588AAED42114299F0030AE52 /* AppDelegate.swift in Sources */,
				588AAF0B211443590030AE52 /* AssistantWindowController.swift in Sources */,
				588AAEEC21142AD10030AE52 /* AudioDelegate.swift in Sources */,
				58D7383021157DAC00D55D90 /* AssistantViewController.swift in Sources */,
				58495799218AC0C60021602E /* Typealiases.swift in Sources */,
				588AAEED21142AD10030AE52 /* AssistantDelegate.swift in Sources */,
				584957B0218ADD140021602E /* PreferenceDefaultsKeys.swift in Sources */,
				584957A4218AD1510021602E /* AccountPreferenceViewController.swift in Sources */,
				588AAEF021142AD10030AE52 /* AudioConstants.swift in Sources */,
				588AAF0521143DFF0030AE52 /* LoginWindowController.swift in Sources */,
			);
			runOnlyForDeploymentPostprocessing = 0;
		};
/* End PBXSourcesBuildPhase section */

/* Begin PBXVariantGroup section */
		588AAED92114299F0030AE52 /* Main.storyboard */ = {
			isa = PBXVariantGroup;
			children = (
				588AAEDA2114299F0030AE52 /* Base */,
			);
			name = Main.storyboard;
			sourceTree = "<group>";
		};
/* End PBXVariantGroup section */

/* Begin XCBuildConfiguration section */
		588AAEDE211429A00030AE52 /* Debug */ = {
			isa = XCBuildConfiguration;
			buildSettings = {
				ALWAYS_SEARCH_USER_PATHS = NO;
				CLANG_ANALYZER_NONNULL = YES;
				CLANG_ANALYZER_NUMBER_OBJECT_CONVERSION = YES_AGGRESSIVE;
				CLANG_CXX_LANGUAGE_STANDARD = "gnu++14";
				CLANG_CXX_LIBRARY = "libc++";
				CLANG_ENABLE_MODULES = YES;
				CLANG_ENABLE_OBJC_ARC = YES;
				CLANG_ENABLE_OBJC_WEAK = YES;
				CLANG_WARN_BLOCK_CAPTURE_AUTORELEASING = YES;
				CLANG_WARN_BOOL_CONVERSION = YES;
				CLANG_WARN_COMMA = YES;
				CLANG_WARN_CONSTANT_CONVERSION = YES;
				CLANG_WARN_DEPRECATED_OBJC_IMPLEMENTATIONS = YES;
				CLANG_WARN_DIRECT_OBJC_ISA_USAGE = YES_ERROR;
				CLANG_WARN_DOCUMENTATION_COMMENTS = YES;
				CLANG_WARN_EMPTY_BODY = YES;
				CLANG_WARN_ENUM_CONVERSION = YES;
				CLANG_WARN_INFINITE_RECURSION = YES;
				CLANG_WARN_INT_CONVERSION = YES;
				CLANG_WARN_NON_LITERAL_NULL_CONVERSION = YES;
				CLANG_WARN_OBJC_IMPLICIT_RETAIN_SELF = YES;
				CLANG_WARN_OBJC_LITERAL_CONVERSION = YES;
				CLANG_WARN_OBJC_ROOT_CLASS = YES_ERROR;
				CLANG_WARN_RANGE_LOOP_ANALYSIS = YES;
				CLANG_WARN_STRICT_PROTOTYPES = YES;
				CLANG_WARN_SUSPICIOUS_MOVE = YES;
				CLANG_WARN_UNGUARDED_AVAILABILITY = YES_AGGRESSIVE;
				CLANG_WARN_UNREACHABLE_CODE = YES;
				CLANG_WARN__DUPLICATE_METHOD_MATCH = YES;
				CODE_SIGN_IDENTITY = "-";
				COPY_PHASE_STRIP = NO;
				DEBUG_INFORMATION_FORMAT = dwarf;
				ENABLE_STRICT_OBJC_MSGSEND = YES;
				ENABLE_TESTABILITY = YES;
				GCC_C_LANGUAGE_STANDARD = gnu11;
				GCC_DYNAMIC_NO_PIC = NO;
				GCC_NO_COMMON_BLOCKS = YES;
				GCC_OPTIMIZATION_LEVEL = 0;
				GCC_PREPROCESSOR_DEFINITIONS = (
					"DEBUG=1",
					"$(inherited)",
				);
				GCC_WARN_64_TO_32_BIT_CONVERSION = YES;
				GCC_WARN_ABOUT_RETURN_TYPE = YES_ERROR;
				GCC_WARN_UNDECLARED_SELECTOR = YES;
				GCC_WARN_UNINITIALIZED_AUTOS = YES_AGGRESSIVE;
				GCC_WARN_UNUSED_FUNCTION = YES;
				GCC_WARN_UNUSED_VARIABLE = YES;
				MACOSX_DEPLOYMENT_TARGET = 10.13;
				MTL_ENABLE_DEBUG_INFO = YES;
				ONLY_ACTIVE_ARCH = YES;
				SDKROOT = macosx;
				SWIFT_ACTIVE_COMPILATION_CONDITIONS = DEBUG;
				SWIFT_OPTIMIZATION_LEVEL = "-Onone";
			};
			name = Debug;
		};
		588AAEDF211429A00030AE52 /* Release */ = {
			isa = XCBuildConfiguration;
			buildSettings = {
				ALWAYS_SEARCH_USER_PATHS = NO;
				CLANG_ANALYZER_NONNULL = YES;
				CLANG_ANALYZER_NUMBER_OBJECT_CONVERSION = YES_AGGRESSIVE;
				CLANG_CXX_LANGUAGE_STANDARD = "gnu++14";
				CLANG_CXX_LIBRARY = "libc++";
				CLANG_ENABLE_MODULES = YES;
				CLANG_ENABLE_OBJC_ARC = YES;
				CLANG_ENABLE_OBJC_WEAK = YES;
				CLANG_WARN_BLOCK_CAPTURE_AUTORELEASING = YES;
				CLANG_WARN_BOOL_CONVERSION = YES;
				CLANG_WARN_COMMA = YES;
				CLANG_WARN_CONSTANT_CONVERSION = YES;
				CLANG_WARN_DEPRECATED_OBJC_IMPLEMENTATIONS = YES;
				CLANG_WARN_DIRECT_OBJC_ISA_USAGE = YES_ERROR;
				CLANG_WARN_DOCUMENTATION_COMMENTS = YES;
				CLANG_WARN_EMPTY_BODY = YES;
				CLANG_WARN_ENUM_CONVERSION = YES;
				CLANG_WARN_INFINITE_RECURSION = YES;
				CLANG_WARN_INT_CONVERSION = YES;
				CLANG_WARN_NON_LITERAL_NULL_CONVERSION = YES;
				CLANG_WARN_OBJC_IMPLICIT_RETAIN_SELF = YES;
				CLANG_WARN_OBJC_LITERAL_CONVERSION = YES;
				CLANG_WARN_OBJC_ROOT_CLASS = YES_ERROR;
				CLANG_WARN_RANGE_LOOP_ANALYSIS = YES;
				CLANG_WARN_STRICT_PROTOTYPES = YES;
				CLANG_WARN_SUSPICIOUS_MOVE = YES;
				CLANG_WARN_UNGUARDED_AVAILABILITY = YES_AGGRESSIVE;
				CLANG_WARN_UNREACHABLE_CODE = YES;
				CLANG_WARN__DUPLICATE_METHOD_MATCH = YES;
				CODE_SIGN_IDENTITY = "-";
				COPY_PHASE_STRIP = NO;
				DEBUG_INFORMATION_FORMAT = "dwarf-with-dsym";
				ENABLE_NS_ASSERTIONS = NO;
				ENABLE_STRICT_OBJC_MSGSEND = YES;
				GCC_C_LANGUAGE_STANDARD = gnu11;
				GCC_NO_COMMON_BLOCKS = YES;
				GCC_WARN_64_TO_32_BIT_CONVERSION = YES;
				GCC_WARN_ABOUT_RETURN_TYPE = YES_ERROR;
				GCC_WARN_UNDECLARED_SELECTOR = YES;
				GCC_WARN_UNINITIALIZED_AUTOS = YES_AGGRESSIVE;
				GCC_WARN_UNUSED_FUNCTION = YES;
				GCC_WARN_UNUSED_VARIABLE = YES;
				MACOSX_DEPLOYMENT_TARGET = 10.13;
				MTL_ENABLE_DEBUG_INFO = NO;
				SDKROOT = macosx;
				SWIFT_COMPILATION_MODE = wholemodule;
				SWIFT_OPTIMIZATION_LEVEL = "-O";
			};
			name = Release;
		};
		588AAEE1211429A00030AE52 /* Debug */ = {
			isa = XCBuildConfiguration;
			baseConfigurationReference = 741C6460B9DAC9EEF984BEB6 /* Pods-MacAssistant.debug.xcconfig */;
			buildSettings = {
				ASSETCATALOG_COMPILER_APPICON_NAME = AppIcon;
				CODE_SIGN_IDENTITY = "-";
				CODE_SIGN_STYLE = Manual;
				COMBINE_HIDPI_IMAGES = YES;
				DEVELOPMENT_TEAM = "";
				INFOPLIST_FILE = MacAssistant/Info.plist;
				LD_RUNPATH_SEARCH_PATHS = (
					"$(inherited)",
					"@executable_path/../Frameworks",
				);
				PRODUCT_BUNDLE_IDENTIFIER = com.vanshgandhi.MacAssistant;
				PRODUCT_NAME = "$(TARGET_NAME)";
				PROVISIONING_PROFILE_SPECIFIER = "";
				SWIFT_VERSION = 4.2;
			};
			name = Debug;
		};
		588AAEE2211429A00030AE52 /* Release */ = {
			isa = XCBuildConfiguration;
			baseConfigurationReference = C0392D4A8B3A4D6F1146204B /* Pods-MacAssistant.release.xcconfig */;
			buildSettings = {
				ASSETCATALOG_COMPILER_APPICON_NAME = AppIcon;
				CODE_SIGN_IDENTITY = "-";
				CODE_SIGN_STYLE = Manual;
				COMBINE_HIDPI_IMAGES = YES;
				DEVELOPMENT_TEAM = "";
				INFOPLIST_FILE = MacAssistant/Info.plist;
				LD_RUNPATH_SEARCH_PATHS = (
					"$(inherited)",
					"@executable_path/../Frameworks",
				);
				PRODUCT_BUNDLE_IDENTIFIER = com.vanshgandhi.MacAssistant;
				PRODUCT_NAME = "$(TARGET_NAME)";
				PROVISIONING_PROFILE_SPECIFIER = "";
				SWIFT_VERSION = 4.2;
			};
			name = Release;
		};
/* End XCBuildConfiguration section */

/* Begin XCConfigurationList section */
		588AAECB2114299F0030AE52 /* Build configuration list for PBXProject "MacAssistant" */ = {
			isa = XCConfigurationList;
			buildConfigurations = (
				588AAEDE211429A00030AE52 /* Debug */,
				588AAEDF211429A00030AE52 /* Release */,
			);
			defaultConfigurationIsVisible = 0;
			defaultConfigurationName = Release;
		};
		588AAEE0211429A00030AE52 /* Build configuration list for PBXNativeTarget "MacAssistant" */ = {
			isa = XCConfigurationList;
			buildConfigurations = (
				588AAEE1211429A00030AE52 /* Debug */,
				588AAEE2211429A00030AE52 /* Release */,
			);
			defaultConfigurationIsVisible = 0;
			defaultConfigurationName = Release;
		};
/* End XCConfigurationList section */
	};
	rootObject = 588AAEC82114299F0030AE52 /* Project object */;
}
